
Microsoft Visual Studio Solution File, Format Version 12.00
# Visual Studio 14
VisualStudioVersion = 14.0.25420.1
MinimumVisualStudioVersion = 10.0.40219.1
Project("{FAE04EC0-301F-11D3-BF4B-00C04F79EFBC}") = "Core", "Core.csproj", "{2883580D-0229-4C18-B176-08BA565FFB7A}"
EndProject
Project("{FAE04EC0-301F-11D3-BF4B-00C04F79EFBC}") = "UnitTests", "..\UnitTests\UnitTests.csproj", "{21D7DD87-F7AD-4B26-B83F-D597CB11DA1B}"
EndProject
Project("{FAE04EC0-301F-11D3-BF4B-00C04F79EFBC}") = "App", "App\App.csproj", "{8EE94DC3-59CF-42C2-8643-85154438CFD4}"
EndProject
Global
	GlobalSection(SolutionConfigurationPlatforms) = preSolution
		Debug|Any CPU = Debug|Any CPU
		Release|Any CPU = Release|Any CPU
	EndGlobalSection
	GlobalSection(ProjectConfigurationPlatforms) = postSolution
		{2883580D-0229-4C18-B176-08BA565FFB7A}.Debug|Any CPU.ActiveCfg = Debug|Any CPU
		{2883580D-0229-4C18-B176-08BA565FFB7A}.Debug|Any CPU.Build.0 = Debug|Any CPU
		{2883580D-0229-4C18-B176-08BA565FFB7A}.Release|Any CPU.ActiveCfg = Release|Any CPU
		{2883580D-0229-4C18-B176-08BA565FFB7A}.Release|Any CPU.Build.0 = Release|Any CPU
		{21D7DD87-F7AD-4B26-B83F-D597CB11DA1B}.Debug|Any CPU.ActiveCfg = Debug|Any CPU
		{21D7DD87-F7AD-4B26-B83F-D597CB11DA1B}.Debug|Any CPU.Build.0 = Debug|Any CPU
		{21D7DD87-F7AD-4B26-B83F-D597CB11DA1B}.Release|Any CPU.ActiveCfg = Release|Any CPU
		{21D7DD87-F7AD-4B26-B83F-D597CB11DA1B}.Release|Any CPU.Build.0 = Release|Any CPU
		{8EE94DC3-59CF-42C2-8643-85154438CFD4}.Debug|Any CPU.ActiveCfg = Debug|Any CPU
		{8EE94DC3-59CF-42C2-8643-85154438CFD4}.Debug|Any CPU.Build.0 = Debug|Any CPU
		{8EE94DC3-59CF-42C2-8643-85154438CFD4}.Release|Any CPU.ActiveCfg = Release|Any CPU
		{8EE94DC3-59CF-42C2-8643-85154438CFD4}.Release|Any CPU.Build.0 = Release|Any CPU
	EndGlobalSection
	GlobalSection(SolutionProperties) = preSolution
		HideSolutionNode = FALSE
	EndGlobalSection
EndGlobal
